PODS:
  - Alamofire (4.9.1)
  - FeedKit (7.1.0)
  - SDWebImage (5.4.1):
    - SDWebImage/Core (= 5.4.1)
  - SDWebImage/Core (5.4.1)

DEPENDENCIES:
  - Alamofire (~> 4.9.1)
  - FeedKit (= 7.1.0)
  - SDWebImage (~> 5.4.1)

SPEC REPOS:
  trunk:
    - Alamofire
    - FeedKit
    - SDWebImage

SPEC CHECKSUMS:
  Alamofire: 85e8a02c69d6020a0d734f6054870d7ecb75cf18
  FeedKit: 428e7e70f9b8993e609c52160d00c94fabdb22ef
  SDWebImage: 29c340dbdcef342bb13125553f4e19ce056b07a7

PODFILE CHECKSUM: 7eca54226635fa79b574249858c30630fd5d00d9

COCOAPODS: 1.8.4
